schema: '2.0'
stages:
  preprocess:
    cmd: python src/preprocessing.py
    deps:
    - path: data/customer_churn.csv
      hash: md5
      md5: 67d471b3c602a205e52c945522782628
      size: 978203
    - path: src/preprocessing.py
      hash: md5
      md5: d3113b5aceeeb100496fd55787d654c2
      size: 1088
    outs:
    - path: data/X_test.pkl
      hash: md5
      md5: b8c2acc2fb6c56e1281149ffb5e795bf
      size: 239531
    - path: data/X_train.pkl
      hash: md5
      md5: b380cbdbf86fc5a0b01a6a1c201f36c9
      size: 949859
    - path: data/y_test.pkl
      hash: md5
      md5: 11d24f3f149dcc1f1cbb56cda5048c22
      size: 45920
    - path: data/y_train.pkl
      hash: md5
      md5: 953f38fb0c73390a18510e4c611cee5e
      size: 181256
  train:
    cmd: python src/train.py
    deps:
    - path: data/X_train.pkl
      hash: md5
      md5: b380cbdbf86fc5a0b01a6a1c201f36c9
      size: 949859
    - path: data/y_train.pkl
      hash: md5
      md5: 953f38fb0c73390a18510e4c611cee5e
      size: 181256
    - path: src/train.py
      hash: md5
      md5: 1fe6aaa5e4689958c5e7d35e3198cc30
      size: 1900
    outs:
    - path: models/model.pkl
      hash: md5
      md5: 85bd94dcef2b603aac13e61c86168035
      size: 16382217
  evaluate:
    cmd: python src/evaluate.py
    deps:
    - path: data/X_test.pkl
      hash: md5
      md5: b8c2acc2fb6c56e1281149ffb5e795bf
      size: 239531
    - path: data/y_test.pkl
      hash: md5
      md5: 11d24f3f149dcc1f1cbb56cda5048c22
      size: 45920
    - path: models/model.pkl
      hash: md5
      md5: 85bd94dcef2b603aac13e61c86168035
      size: 16382217
    - path: src/evaluate.py
      hash: md5
      md5: 15fb82aada51123a3a6da855078205d5
      size: 715
